Microsoft Visual Studio Solution File, Format Version 12.00
# Visual Studio Version 17
VisualStudioVersion = 17.5.2.0
MinimumVisualStudioVersion = 10.0.40219.1
Project("{9A19103F-16F7-4668-BE54-9A1E7A4F7556}") = "testWinForms", "winforms\testWinForms.csproj", "{9E6AA403-6764-1CBF-33D7-2549EA7039E6}"
EndProject
Project("{FAE04EC0-301F-11D3-BF4B-00C04F79EFBC}") = "KeyboardLib", "KeyboardLib\KeyboardLib.csproj", "{16872983-3833-49E8-8F6F-B70702B6728D}"
EndProject
Project("{FAE04EC0-301F-11D3-BF4B-00C04F79EFBC}") = "testAvalonia", "testAvalonia\testAvalonia.csproj", "{C7239A61-311D-48BA-8383-4385F3A87F70}"
EndProject
Global
	GlobalSection(SolutionConfigurationPlatforms) = preSolution
		Debug|Any CPU = Debug|Any CPU
		Release|Any CPU = Release|Any CPU
	EndGlobalSection
	GlobalSection(ProjectConfigurationPlatforms) = postSolution
		{9E6AA403-6764-1CBF-33D7-2549EA7039E6}.Debug|Any CPU.ActiveCfg = Debug|Any CPU
		{9E6AA403-6764-1CBF-33D7-2549EA7039E6}.Debug|Any CPU.Build.0 = Debug|Any CPU
		{9E6AA403-6764-1CBF-33D7-2549EA7039E6}.Release|Any CPU.ActiveCfg = Release|Any CPU
		{9E6AA403-6764-1CBF-33D7-2549EA7039E6}.Release|Any CPU.Build.0 = Release|Any CPU
		{16872983-3833-49E8-8F6F-B70702B6728D}.Debug|Any CPU.ActiveCfg = Debug|Any CPU
		{16872983-3833-49E8-8F6F-B70702B6728D}.Debug|Any CPU.Build.0 = Debug|Any CPU
		{16872983-3833-49E8-8F6F-B70702B6728D}.Release|Any CPU.ActiveCfg = Release|Any CPU
		{16872983-3833-49E8-8F6F-B70702B6728D}.Release|Any CPU.Build.0 = Release|Any CPU
		{C7239A61-311D-48BA-8383-4385F3A87F70}.Debug|Any CPU.ActiveCfg = Debug|Any CPU
		{C7239A61-311D-48BA-8383-4385F3A87F70}.Debug|Any CPU.Build.0 = Debug|Any CPU
		{C7239A61-311D-48BA-8383-4385F3A87F70}.Release|Any CPU.ActiveCfg = Release|Any CPU
		{C7239A61-311D-48BA-8383-4385F3A87F70}.Release|Any CPU.Build.0 = Release|Any CPU
	EndGlobalSection
	GlobalSection(SolutionProperties) = preSolution
		HideSolutionNode = FALSE
	EndGlobalSection
	GlobalSection(ExtensibilityGlobals) = postSolution
		SolutionGuid = {084AC875-C42D-404C-8D12-18180BAD3814}
	EndGlobalSection
EndGlobal
